// !$*UTF8*$!
{
	archiveVersion = 1;
	classes = {
	};
	objectVersion = 52;
	objects = {

/* Begin PBXBuildFile section */
		13B07FBC1A68108700A75B9A /* AppDelegate.swift in Sources */ = {isa = PBXBuildFile; fileRef = 13B07FB01A68108700A75B9A /* AppDelegate.swift */; };
		13B07FC11A68108700A75B9A /* main.swift in Sources */ = {isa = PBXBuildFile; fileRef = 13B07FB71A68108700A75B9A /* main.swift */; };
		E2DF2428475244C8B32B71F7 /* libz.tbd in Frameworks */ = {isa = PBXBuildFile; fileRef = 07891C66C8DB43B287982A49 /* libz.tbd */; };
		EF05A53E1F14EEC70082BD66 /* ReactNativeModule.swift in Sources */ = {isa = PBXBuildFile; fileRef = EF05A5351F14EEC70082BD66 /* ReactNativeModule.swift */; };
		EF07FE7D2204753B0062056C /* JavaScriptCore.framework in Frameworks */ = {isa = PBXBuildFile; fileRef = EF9A7FD821FEFA7D00AA5028 /* JavaScriptCore.framework */; };
		EF3CD33220A02B5100834BB4 /* libsqlite3.0.tbd in Frameworks */ = {isa = PBXBuildFile; fileRef = EF4125C31F14FE9300FD3EAC /* libsqlite3.0.tbd */; };
		EF4125AE1F14FE2C00FD3EAC /* libsqlite3.tbd in Frameworks */ = {isa = PBXBuildFile; fileRef = EF4125AD1F14FE2C00FD3EAC /* libsqlite3.tbd */; };
		EF7A114C1F161B1400805A8B /* InfoPlist.strings in Resources */ = {isa = PBXBuildFile; fileRef = EF7A114E1F161B1400805A8B /* InfoPlist.strings */; };
		EFE3A23025D9CA93001B0AB2 /* CoreServices.framework in Frameworks */ = {isa = PBXBuildFile; fileRef = EFE3A22E25D9CA93001B0AB2 /* CoreServices.framework */; };
		EFE9F37520863E2C00172283 /* ReactNativeModuleBridge.m in Sources */ = {isa = PBXBuildFile; fileRef = EFE9F37420863E2C00172283 /* ReactNativeModuleBridge.m */; };
		F1AB0C7BF184B2ACA466B3E0 /* Pods_Example.framework in Frameworks */ = {isa = PBXBuildFile; fileRef = 22F0A06C26D89E18EE58DB50 /* Pods_Example.framework */; };
/* End PBXBuildFile section */

/* Begin PBXFileReference section */
		07891C66C8DB43B287982A49 /* libz.tbd */ = {isa = PBXFileReference; explicitFileType = undefined; fileEncoding = 9; includeInIndex = 0; lastKnownFileType = "sourcecode.text-based-dylib-definition"; name = libz.tbd; path = usr/lib/libz.tbd; sourceTree = SDKROOT; };
		13B07F961A680F5B00A75B9A /* Example.app */ = {isa = PBXFileReference; explicitFileType = wrapper.application; includeInIndex = 0; path = Example.app; sourceTree = BUILT_PRODUCTS_DIR; };
		13B07FB01A68108700A75B9A /* AppDelegate.swift */ = {isa = PBXFileReference; fileEncoding = 4; lastKnownFileType = sourcecode.swift; name = AppDelegate.swift; path = Example/AppDelegate.swift; sourceTree = "<group>"; };
		13B07FB71A68108700A75B9A /* main.swift */ = {isa = PBXFileReference; fileEncoding = 4; lastKnownFileType = sourcecode.swift; name = main.swift; path = Example/main.swift; sourceTree = "<group>"; };
		22F0A06C26D89E18EE58DB50 /* Pods_Example.framework */ = {isa = PBXFileReference; explicitFileType = wrapper.framework; includeInIndex = 0; path = Pods_Example.framework; sourceTree = BUILT_PRODUCTS_DIR; };
		3948F1FA7EBCB7B7E1B0E7B1 /* Pods-Example.debug.xcconfig */ = {isa = PBXFileReference; includeInIndex = 1; lastKnownFileType = text.xcconfig; name = "Pods-Example.debug.xcconfig"; path = "Pods/Target Support Files/Pods-Example/Pods-Example.debug.xcconfig"; sourceTree = "<group>"; };
		DDA4414C7410FED1D49CEEDF /* Pods-Example.release.xcconfig */ = {isa = PBXFileReference; includeInIndex = 1; lastKnownFileType = text.xcconfig; name = "Pods-Example.release.xcconfig"; path = "Pods/Target Support Files/Pods-Example/Pods-Example.release.xcconfig"; sourceTree = "<group>"; };
		EF05A5351F14EEC70082BD66 /* ReactNativeModule.swift */ = {isa = PBXFileReference; fileEncoding = 4; lastKnownFileType = sourcecode.swift; name = ReactNativeModule.swift; path = Example/ReactNativeModule.swift; sourceTree = "<group>"; };
		EF156114216B653F000F1E85 /* Default-568h@2x.png */ = {isa = PBXFileReference; lastKnownFileType = image.png; path = "Default-568h@2x.png"; sourceTree = "<group>"; };
		EF28F73F203AB49E0014F22D /* AVFoundation.framework */ = {isa = PBXFileReference; lastKnownFileType = wrapper.framework; name = AVFoundation.framework; path = System/Library/Frameworks/AVFoundation.framework; sourceTree = SDKROOT; };
		EF3AF0F32011E5C100844F39 /* CoreTelephony.framework */ = {isa = PBXFileReference; lastKnownFileType = wrapper.framework; name = CoreTelephony.framework; path = System/Library/Frameworks/CoreTelephony.framework; sourceTree = SDKROOT; };
		EF3AF1242011E77400844F39 /* SystemConfiguration.framework */ = {isa = PBXFileReference; lastKnownFileType = wrapper.framework; name = SystemConfiguration.framework; path = System/Library/Frameworks/SystemConfiguration.framework; sourceTree = SDKROOT; };
		EF4125AD1F14FE2C00FD3EAC /* libsqlite3.tbd */ = {isa = PBXFileReference; lastKnownFileType = "sourcecode.text-based-dylib-definition"; name = libsqlite3.tbd; path = usr/lib/libsqlite3.tbd; sourceTree = SDKROOT; };
		EF4125C31F14FE9300FD3EAC /* libsqlite3.0.tbd */ = {isa = PBXFileReference; lastKnownFileType = "sourcecode.text-based-dylib-definition"; name = libsqlite3.0.tbd; path = usr/lib/libsqlite3.0.tbd; sourceTree = SDKROOT; };
		EF4125C51F14FEB800FD3EAC /* CoreData.framework */ = {isa = PBXFileReference; lastKnownFileType = wrapper.framework; name = CoreData.framework; path = System/Library/Frameworks/CoreData.framework; sourceTree = SDKROOT; };
		EF4125C71F14FECE00FD3EAC /* AdSupport.framework */ = {isa = PBXFileReference; lastKnownFileType = wrapper.framework; name = AdSupport.framework; path = System/Library/Frameworks/AdSupport.framework; sourceTree = SDKROOT; };
		EF51D5B71FCDD38300CCA416 /* PushKit.framework */ = {isa = PBXFileReference; lastKnownFileType = wrapper.framework; name = PushKit.framework; path = System/Library/Frameworks/PushKit.framework; sourceTree = SDKROOT; };
		EF51D5B91FCDD3B100CCA416 /* CallKit.framework */ = {isa = PBXFileReference; lastKnownFileType = wrapper.framework; name = CallKit.framework; path = System/Library/Frameworks/CallKit.framework; sourceTree = SDKROOT; };
		EF51D5BB1FCEB9B700CCA416 /* UserNotifications.framework */ = {isa = PBXFileReference; lastKnownFileType = wrapper.framework; name = UserNotifications.framework; path = System/Library/Frameworks/UserNotifications.framework; sourceTree = SDKROOT; };
		EF7A11511F161B1B00805A8B /* fi */ = {isa = PBXFileReference; lastKnownFileType = text.plist.strings; name = fi; path = fi.lproj/InfoPlist.strings; sourceTree = "<group>"; };
		EF7A11531F161B3300805A8B /* Info.plist */ = {isa = PBXFileReference; fileEncoding = 4; lastKnownFileType = text.plist.xml; name = Info.plist; path = Example/Info.plist; sourceTree = "<group>"; };
		EF84A6142625FD64007F99EE /* react_native_orientation_locker.framework */ = {isa = PBXFileReference; explicitFileType = wrapper.framework; path = react_native_orientation_locker.framework; sourceTree = BUILT_PRODUCTS_DIR; };
		EF84A71F26285FEB007F99EE /* en */ = {isa = PBXFileReference; lastKnownFileType = text.plist.strings; name = en; path = en.lproj/InfoPlist.strings; sourceTree = "<group>"; };
		EF9A7FD821FEFA7D00AA5028 /* JavaScriptCore.framework */ = {isa = PBXFileReference; lastKnownFileType = wrapper.framework; name = JavaScriptCore.framework; path = System/Library/Frameworks/JavaScriptCore.framework; sourceTree = SDKROOT; };
		EFB6D933272707E100F4FE04 /* libRNScreens.a */ = {isa = PBXFileReference; explicitFileType = archive.ar; path = libRNScreens.a; sourceTree = BUILT_PRODUCTS_DIR; };
		EFC61395277D089E0021CAFF /* Assets.xcassets */ = {isa = PBXFileReference; lastKnownFileType = folder.assetcatalog; path = Assets.xcassets; sourceTree = "<group>"; };
		EFC613A9277D0B200021CAFF /* Example.entitlements */ = {isa = PBXFileReference; lastKnownFileType = text.plist.entitlements; name = Example.entitlements; path = Example/Example.entitlements; sourceTree = "<group>"; };
		EFE3A22E25D9CA93001B0AB2 /* CoreServices.framework */ = {isa = PBXFileReference; lastKnownFileType = wrapper.framework; name = CoreServices.framework; path = System/Library/Frameworks/CoreServices.framework; sourceTree = SDKROOT; };
		EFE3A22F25D9CA93001B0AB2 /* MobileCoreServices.framework */ = {isa = PBXFileReference; lastKnownFileType = wrapper.framework; name = MobileCoreServices.framework; path = System/Library/Frameworks/MobileCoreServices.framework; sourceTree = SDKROOT; };
		EFE9F37320863E2C00172283 /* Example-Bridging-Header.h */ = {isa = PBXFileReference; lastKnownFileType = sourcecode.c.h; path = "Example-Bridging-Header.h"; sourceTree = "<group>"; };
		EFE9F37420863E2C00172283 /* ReactNativeModuleBridge.m */ = {isa = PBXFileReference; lastKnownFileType = sourcecode.c.objc; name = ReactNativeModuleBridge.m; path = Example/ReactNativeModuleBridge.m; sourceTree = "<group>"; };
/* End PBXFileReference section */

/* Begin PBXFrameworksBuildPhase section */
		13B07F8C1A680F5B00A75B9A /* Frameworks */ = {
			isa = PBXFrameworksBuildPhase;
			buildActionMask = 2147483647;
			files = (
				EFE3A23025D9CA93001B0AB2 /* CoreServices.framework in Frameworks */,
				EF07FE7D2204753B0062056C /* JavaScriptCore.framework in Frameworks */,
				EF3CD33220A02B5100834BB4 /* libsqlite3.0.tbd in Frameworks */,
				EF4125AE1F14FE2C00FD3EAC /* libsqlite3.tbd in Frameworks */,
				E2DF2428475244C8B32B71F7 /* libz.tbd in Frameworks */,
				F1AB0C7BF184B2ACA466B3E0 /* Pods_Example.framework in Frameworks */,
			);
			runOnlyForDeploymentPostprocessing = 0;
		};
/* End PBXFrameworksBuildPhase section */

/* Begin PBXGroup section */
		119AD03B1F74E2DA00E8C765 /* Recovered References */ = {
			isa = PBXGroup;
			children = (
			);
			name = "Recovered References";
			sourceTree = "<group>";
		};
		13B07FAE1A68108700A75B9A /* Example */ = {
			isa = PBXGroup;
			children = (
				EFC613A9277D0B200021CAFF /* Example.entitlements */,
				EFE9F3C0208794FD00172283 /* React Native */,
				13B07FB71A68108700A75B9A /* main.swift */,
				13B07FB01A68108700A75B9A /* AppDelegate.swift */,
				EF7A11531F161B3300805A8B /* Info.plist */,
				EF7A114E1F161B1400805A8B /* InfoPlist.strings */,
				EFE9F37320863E2C00172283 /* Example-Bridging-Header.h */,
			);
			name = Example;
			sourceTree = "<group>";
		};
		7022FEC196DB478BA6EAC48F /* Resources */ = {
			isa = PBXGroup;
			children = (
			);
			name = Resources;
			sourceTree = "<group>";
		};
		832341AE1AAA6A7D00B99B32 /* Libraries */ = {
			isa = PBXGroup;
			children = (
			);
			name = Libraries;
			sourceTree = "<group>";
		};
		83CBB9F61A601CBA00E9B192 = {
			isa = PBXGroup;
			children = (
				EFC61395277D089E0021CAFF /* Assets.xcassets */,
				EF156114216B653F000F1E85 /* Default-568h@2x.png */,
				13B07FAE1A68108700A75B9A /* Example */,
				832341AE1AAA6A7D00B99B32 /* Libraries */,
				83CBBA001A601CBA00E9B192 /* Products */,
				F9F40BAC56954B66C035841B /* Frameworks */,
				7022FEC196DB478BA6EAC48F /* Resources */,
				119AD03B1F74E2DA00E8C765 /* Recovered References */,
				D1CF98ACB19E80F44C378C4B /* Pods */,
			);
			indentWidth = 2;
			sourceTree = "<group>";
			tabWidth = 2;
		};
		83CBBA001A601CBA00E9B192 /* Products */ = {
			isa = PBXGroup;
			children = (
				13B07F961A680F5B00A75B9A /* Example.app */,
			);
			name = Products;
			sourceTree = "<group>";
		};
		D1CF98ACB19E80F44C378C4B /* Pods */ = {
			isa = PBXGroup;
			children = (
				3948F1FA7EBCB7B7E1B0E7B1 /* Pods-Example.debug.xcconfig */,
				DDA4414C7410FED1D49CEEDF /* Pods-Example.release.xcconfig */,
			);
			name = Pods;
			sourceTree = "<group>";
		};
		EFE9F3C0208794FD00172283 /* React Native */ = {
			isa = PBXGroup;
			children = (
				EF05A5351F14EEC70082BD66 /* ReactNativeModule.swift */,
				EFE9F37420863E2C00172283 /* ReactNativeModuleBridge.m */,
			);
			name = "React Native";
			sourceTree = "<group>";
		};
		F9F40BAC56954B66C035841B /* Frameworks */ = {
			isa = PBXGroup;
			children = (
				EFB6D933272707E100F4FE04 /* libRNScreens.a */,
				EF84A6142625FD64007F99EE /* react_native_orientation_locker.framework */,
				EFE3A22E25D9CA93001B0AB2 /* CoreServices.framework */,
				EFE3A22F25D9CA93001B0AB2 /* MobileCoreServices.framework */,
				EF9A7FD821FEFA7D00AA5028 /* JavaScriptCore.framework */,
				EF28F73F203AB49E0014F22D /* AVFoundation.framework */,
				EF3AF1242011E77400844F39 /* SystemConfiguration.framework */,
				EF3AF0F32011E5C100844F39 /* CoreTelephony.framework */,
				EF51D5BB1FCEB9B700CCA416 /* UserNotifications.framework */,
				EF51D5B91FCDD3B100CCA416 /* CallKit.framework */,
				EF51D5B71FCDD38300CCA416 /* PushKit.framework */,
				EF4125C71F14FECE00FD3EAC /* AdSupport.framework */,
				EF4125C51F14FEB800FD3EAC /* CoreData.framework */,
				EF4125C31F14FE9300FD3EAC /* libsqlite3.0.tbd */,
				EF4125AD1F14FE2C00FD3EAC /* libsqlite3.tbd */,
				07891C66C8DB43B287982A49 /* libz.tbd */,
				22F0A06C26D89E18EE58DB50 /* Pods_Example.framework */,
			);
			name = Frameworks;
			sourceTree = "<group>";
		};
/* End PBXGroup section */

/* Begin PBXNativeTarget section */
		13B07F861A680F5B00A75B9A /* Example */ = {
			isa = PBXNativeTarget;
			buildConfigurationList = 13B07F931A680F5B00A75B9A /* Build configuration list for PBXNativeTarget "Example" */;
			buildPhases = (
				700A8F0AA4B2FB3A4A16EE9C /* [CP] Check Pods Manifest.lock */,
				EF54EAB823AA8DBD00BA3B85 /* Start Packager */,
				13B07F871A680F5B00A75B9A /* Sources */,
				13B07F8C1A680F5B00A75B9A /* Frameworks */,
				13B07F8E1A680F5B00A75B9A /* Resources */,
				00DD1BFF1BD5951E006B06BC /* Bundle React Native code and images */,
				F3F8C268D3CA372C06E544C3 /* [CP] Embed Pods Frameworks */,
			);
			buildRules = (
			);
			dependencies = (
			);
			name = Example;
			productName = Example;
			productReference = 13B07F961A680F5B00A75B9A /* Example.app */;
			productType = "com.apple.product-type.application";
		};
/* End PBXNativeTarget section */

/* Begin PBXProject section */
		83CBB9F71A601CBA00E9B192 /* Project object */ = {
			isa = PBXProject;
			attributes = {
				LastSwiftUpdateCheck = 1320;
				LastUpgradeCheck = 1320;
				ORGANIZATIONNAME = "Example Oy";
				TargetAttributes = {
					13B07F861A680F5B00A75B9A = {
						LastSwiftMigration = 1020;
					};
				};
			};
			buildConfigurationList = 83CBB9FA1A601CBA00E9B192 /* Build configuration list for PBXProject "Example" */;
			compatibilityVersion = "Xcode 11.0";
			developmentRegion = en;
			hasScannedForEncodings = 0;
			knownRegions = (
				en,
				Base,
				fi,
			);
			mainGroup = 83CBB9F61A601CBA00E9B192;
			productRefGroup = 83CBBA001A601CBA00E9B192 /* Products */;
			projectDirPath = "";
			projectRoot = "";
			targets = (
				13B07F861A680F5B00A75B9A /* Example */,
			);
		};
/* End PBXProject section */

/* Begin PBXResourcesBuildPhase section */
		13B07F8E1A680F5B00A75B9A /* Resources */ = {
			isa = PBXResourcesBuildPhase;
			buildActionMask = 2147483647;
			files = (
				EF7A114C1F161B1400805A8B /* InfoPlist.strings in Resources */,
			);
			runOnlyForDeploymentPostprocessing = 0;
		};
/* End PBXResourcesBuildPhase section */

/* Begin PBXShellScriptBuildPhase section */
		00DD1BFF1BD5951E006B06BC /* Bundle React Native code and images */ = {
			isa = PBXShellScriptBuildPhase;
			buildActionMask = 2147483647;
			files = (
			);
			inputPaths = (
			);
			name = "Bundle React Native code and images";
			outputPaths = (
			);
			runOnlyForDeploymentPostprocessing = 0;
			shellPath = /bin/sh;
			shellScript = "set -e\n\nexport SENTRY_PROPERTIES=sentry.properties\nexport EXTRA_PACKAGER_ARGS=\"--sourcemap-output $DERIVED_FILE_DIR/main.jsbundle.map\"\nexport NODE_BINARY=node\n../node_modules/react-native/scripts/react-native-xcode.sh\n";
		};
		700A8F0AA4B2FB3A4A16EE9C /* [CP] Check Pods Manifest.lock */ = {
			isa = PBXShellScriptBuildPhase;
			buildActionMask = 2147483647;
			files = (
			);
			inputPaths = (
				"${PODS_PODFILE_DIR_PATH}/Podfile.lock",
				"${PODS_ROOT}/Manifest.lock",
			);
			name = "[CP] Check Pods Manifest.lock";
			outputPaths = (
				"$(DERIVED_FILE_DIR)/Pods-Example-checkManifestLockResult.txt",
			);
			runOnlyForDeploymentPostprocessing = 0;
			shellPath = /bin/sh;
			shellScript = "diff \"${PODS_PODFILE_DIR_PATH}/Podfile.lock\" \"${PODS_ROOT}/Manifest.lock\" > /dev/null\nif [ $? != 0 ] ; then\n    # print error to STDERR\n    echo \"error: The sandbox is not in sync with the Podfile.lock. Run 'pod install' or update your CocoaPods installation.\" >&2\n    exit 1\nfi\n# This output is used by Xcode 'outputs' to avoid re-running this script phase.\necho \"SUCCESS\" > \"${SCRIPT_OUTPUT_FILE_0}\"\n";
			showEnvVarsInLog = 0;
		};
		EF54EAB823AA8DBD00BA3B85 /* Start Packager */ = {
			isa = PBXShellScriptBuildPhase;
			buildActionMask = 2147483647;
			files = (
			);
			inputFileListPaths = (
			);
			inputPaths = (
			);
			name = "Start Packager";
			outputFileListPaths = (
			);
			outputPaths = (
			);
			runOnlyForDeploymentPostprocessing = 0;
			shellPath = /bin/sh;
			shellScript = "export RCT_METRO_PORT=\"${RCT_METRO_PORT:=8081}\"\necho \"export RCT_METRO_PORT=${RCT_METRO_PORT}\" > \"${SRCROOT}/../node_modules/react-native/scripts/.packager.env\"\nif [ -z \"${RCT_NO_LAUNCH_PACKAGER+xxx}\" ] ; then\n  if nc -w 5 -z localhost ${RCT_METRO_PORT} ; then\n    if ! curl -s \"http://localhost:${RCT_METRO_PORT}/status\" | grep -q \"packager-status:running\" ; then\n      echo \"Port ${RCT_METRO_PORT} already in use, packager is either not running or not running correctly\"\n      exit 2\n    fi\n  else\n    open \"$SRCROOT/../node_modules/react-native/scripts/launchPackager.command\" || echo \"Can't start packager automatically\"\n  fi\nfi\n";
		};
		F3F8C268D3CA372C06E544C3 /* [CP] Embed Pods Frameworks */ = {
			isa = PBXShellScriptBuildPhase;
			buildActionMask = 2147483647;
			files = (
			);
			inputFileListPaths = (
				"${PODS_ROOT}/Target Support Files/Pods-Example/Pods-Example-frameworks-${CONFIGURATION}-input-files.xcfilelist",
			);
			name = "[CP] Embed Pods Frameworks";
			outputFileListPaths = (
				"${PODS_ROOT}/Target Support Files/Pods-Example/Pods-Example-frameworks-${CONFIGURATION}-output-files.xcfilelist",
			);
			runOnlyForDeploymentPostprocessing = 0;
			shellPath = /bin/sh;
			shellScript = "\"${PODS_ROOT}/Target Support Files/Pods-Example/Pods-Example-frameworks.sh\"\n";
			showEnvVarsInLog = 0;
		};
/* End PBXShellScriptBuildPhase section */

/* Begin PBXSourcesBuildPhase section */
		13B07F871A680F5B00A75B9A /* Sources */ = {
			isa = PBXSourcesBuildPhase;
			buildActionMask = 2147483647;
			files = (
				13B07FBC1A68108700A75B9A /* AppDelegate.swift in Sources */,
				13B07FC11A68108700A75B9A /* main.swift in Sources */,
				EFE9F37520863E2C00172283 /* ReactNativeModuleBridge.m in Sources */,
				EF05A53E1F14EEC70082BD66 /* ReactNativeModule.swift in Sources */,
			);
			runOnlyForDeploymentPostprocessing = 0;
		};
/* End PBXSourcesBuildPhase section */

/* Begin PBXVariantGroup section */
		EF7A114E1F161B1400805A8B /* InfoPlist.strings */ = {
			isa = PBXVariantGroup;
			children = (
				EF7A11511F161B1B00805A8B /* fi */,
				EF84A71F26285FEB007F99EE /* en */,
			);
			name = InfoPlist.strings;
			path = Example;
			sourceTree = "<group>";
		};
/* End PBXVariantGroup section */

/* Begin XCBuildConfiguration section */
		13B07F941A680F5B00A75B9A /* Debug */ = {
			isa = XCBuildConfiguration;
			baseConfigurationReference = 3948F1FA7EBCB7B7E1B0E7B1 /* Pods-Example.debug.xcconfig */;
			buildSettings = {
				ASSETCATALOG_COMPILER_APPICON_NAME = AppIcon;
				CLANG_ALLOW_NON_MODULAR_INCLUDES_IN_FRAMEWORK_MODULES = NO;
				CLANG_ENABLE_MODULES = YES;
				CODE_SIGN_ENTITLEMENTS = Example/Example.entitlements;
				CODE_SIGN_IDENTITY = "Apple Development";
				CODE_SIGN_STYLE = Automatic;
				CURRENT_PROJECT_VERSION = 100;
				DEAD_CODE_STRIPPING = YES;
				DEBUG_INFORMATION_FORMAT = "dwarf-with-dsym";
				DEVELOPMENT_TEAM = 6L6CSBVC87;
				FRAMEWORK_SEARCH_PATHS = (
					"$(inherited)",
					"$(PROJECT_DIR)",
				);
				GCC_PREPROCESSOR_DEFINITIONS = (
					"$(inherited)",
					"COCOAPODS=1",
					"PB_FIELD_32BIT=1",
					"PB_NO_PACKED_STRUCTS=1",
					"PB_ENABLE_MALLOC=1",
				);
				HEADER_SEARCH_PATHS = (
					"$(inherited)",
					"\"${PODS_CONFIGURATION_BUILD_DIR}/Alamofire/Alamofire.framework/Headers\"",
					"\"${PODS_CONFIGURATION_BUILD_DIR}/Analytics/Segment.framework/Headers\"",
					"\"${PODS_CONFIGURATION_BUILD_DIR}/Device/Device.framework/Headers\"",
					"\"${PODS_CONFIGURATION_BUILD_DIR}/DoubleConversion/DoubleConversion.framework/Headers\"",
					"\"${PODS_CONFIGURATION_BUILD_DIR}/FBReactNativeSpec/FBReactNativeSpec.framework/Headers\"",
					"\"${PODS_CONFIGURATION_BUILD_DIR}/KeychainAccess/KeychainAccess.framework/Headers\"",
					"\"${PODS_CONFIGURATION_BUILD_DIR}/RCT-Folly/folly.framework/Headers\"",
					"\"${PODS_CONFIGURATION_BUILD_DIR}/RCTTypeSafety/RCTTypeSafety.framework/Headers\"",
					"\"${PODS_CONFIGURATION_BUILD_DIR}/RNCClipboard/RNCClipboard.framework/Headers\"",
					"\"${PODS_CONFIGURATION_BUILD_DIR}/RNDeviceInfo/RNDeviceInfo.framework/Headers\"",
					"\"${PODS_CONFIGURATION_BUILD_DIR}/RNGestureHandler/RNGestureHandler.framework/Headers\"",
					"\"${PODS_CONFIGURATION_BUILD_DIR}/RNImageCropPicker/RNImageCropPicker.framework/Headers\"",
					"\"${PODS_CONFIGURATION_BUILD_DIR}/RNLocalize/RNLocalize.framework/Headers\"",
					"\"${PODS_CONFIGURATION_BUILD_DIR}/RNReanimated/RNReanimated.framework/Headers\"",
					"\"${PODS_CONFIGURATION_BUILD_DIR}/RNScreens/RNScreens.framework/Headers\"",
					"\"${PODS_CONFIGURATION_BUILD_DIR}/RNSentry/RNSentry.framework/Headers\"",
					"\"${PODS_CONFIGURATION_BUILD_DIR}/RNVectorIcons/RNVectorIcons.framework/Headers\"",
					"\"${PODS_CONFIGURATION_BUILD_DIR}/ReachabilitySwift/Reachability.framework/Headers\"",
					"\"${PODS_CONFIGURATION_BUILD_DIR}/React-Core/React.framework/Headers\"",
					"\"${PODS_CONFIGURATION_BUILD_DIR}/React-CoreModules/CoreModules.framework/Headers\"",
					"\"${PODS_CONFIGURATION_BUILD_DIR}/React-RCTAnimation/RCTAnimation.framework/Headers\"",
					"\"${PODS_CONFIGURATION_BUILD_DIR}/React-RCTBlob/RCTBlob.framework/Headers\"",
					"\"${PODS_CONFIGURATION_BUILD_DIR}/React-RCTImage/RCTImage.framework/Headers\"",
					"\"${PODS_CONFIGURATION_BUILD_DIR}/React-RCTLinking/RCTLinking.framework/Headers\"",
					"\"${PODS_CONFIGURATION_BUILD_DIR}/React-RCTNetwork/RCTNetwork.framework/Headers\"",
					"\"${PODS_CONFIGURATION_BUILD_DIR}/React-RCTSettings/RCTSettings.framework/Headers\"",
					"\"${PODS_CONFIGURATION_BUILD_DIR}/React-RCTText/RCTText.framework/Headers\"",
					"\"${PODS_CONFIGURATION_BUILD_DIR}/React-RCTVibration/RCTVibration.framework/Headers\"",
					"\"${PODS_CONFIGURATION_BUILD_DIR}/React-cxxreact/cxxreact.framework/Headers\"",
					"\"${PODS_CONFIGURATION_BUILD_DIR}/React-jsi/jsi.framework/Headers\"",
					"\"${PODS_CONFIGURATION_BUILD_DIR}/React-jsiexecutor/jsireact.framework/Headers\"",
					"\"${PODS_CONFIGURATION_BUILD_DIR}/React-jsinspector/jsinspector.framework/Headers\"",
					"\"${PODS_CONFIGURATION_BUILD_DIR}/React-logger/logger.framework/Headers\"",
					"\"${PODS_CONFIGURATION_BUILD_DIR}/React-perflogger/reactperflogger.framework/Headers\"",
					"\"${PODS_CONFIGURATION_BUILD_DIR}/ReactCommon/ReactCommon.framework/Headers\"",
					"\"${PODS_CONFIGURATION_BUILD_DIR}/Sentry/Sentry.framework/Headers\"",
					"\"${PODS_CONFIGURATION_BUILD_DIR}/Starscream/Starscream.framework/Headers\"",
					"\"${PODS_CONFIGURATION_BUILD_DIR}/TOCropViewController/TOCropViewController.framework/Headers\"",
					"\"${PODS_CONFIGURATION_BUILD_DIR}/Yoga/yoga.framework/Headers\"",
					"\"${PODS_CONFIGURATION_BUILD_DIR}/fmt/fmt.framework/Headers\"",
					"\"${PODS_CONFIGURATION_BUILD_DIR}/glog/glog.framework/Headers\"",
					"\"${PODS_CONFIGURATION_BUILD_DIR}/react-native-date-picker/react_native_date_picker.framework/Headers\"",
					"\"${PODS_CONFIGURATION_BUILD_DIR}/react-native-orientation-locker/react_native_orientation_locker.framework/Headers\"",
					"\"${PODS_CONFIGURATION_BUILD_DIR}/react-native-safe-area-context/react_native_safe_area_context.framework/Headers\"",
					"\"${PODS_CONFIGURATION_BUILD_DIR}/react-native-video/react_native_video.framework/Headers\"",
					"\"${PODS_CONFIGURATION_BUILD_DIR}/react-native-webview/react_native_webview.framework/Headers\"",
					"\"${PODS_ROOT}/Headers/Public\"",
					"\"${PODS_ROOT}/Headers/Public/FBLazyVector\"",
					"\"${PODS_ROOT}/Headers/Public/RCTRequired\"",
					"\"${PODS_ROOT}/Headers/Public/React-callinvoker\"",
					"\"${PODS_ROOT}/Headers/Public/React-runtimeexecutor\"",
					"\"$(PODS_ROOT)/DoubleConversion\"",
					"\"$(PODS_ROOT)/boost\"",
					"\"$(PODS_ROOT)/boost\"",
					"\"$(PODS_ROOT)/boost-for-react-native\"",
					"\"$(PODS_ROOT)/glog\"",
					"\"$(PODS_ROOT)/RCT-Folly\"",
					"\"${PODS_ROOT}/Headers/Public/React-hermes\"",
					"\"${PODS_ROOT}/Headers/Public/hermes-engine\"",
					"\"$(PODS_ROOT)/Headers/Private/React-Core\"",
				);
				INFOPLIST_FILE = Example/Info.plist;
				IPHONEOS_DEPLOYMENT_TARGET = 12.0;
				LD_RUNPATH_SEARCH_PATHS = (
					"$(inherited)",
					"@executable_path/Frameworks",
				);
				LIBRARY_SEARCH_PATHS = (
					"$(SDKROOT)/usr/lib/swift",
					"$(inherited)",
				);
				MARKETING_VERSION = 1.0.0;
				MTL_FAST_MATH = YES;
				OTHER_LDFLAGS = (
					"$(inherited)",
					"-ObjC",
					"-lc++",
				);
				OTHER_SWIFT_FLAGS = "$(inherited)";
				PRODUCT_BUNDLE_IDENTIFIER = com.reanimatederror.example;
				PRODUCT_NAME = Example;
				PROVISIONING_PROFILE_SPECIFIER = "";
				SWIFT_ACTIVE_COMPILATION_CONDITIONS = DEBUG;
				SWIFT_INCLUDE_PATHS = "$(inherited) \"${PODS_CONFIGURATION_BUILD_DIR}/YogaKit\"";
				SWIFT_OBJC_BRIDGING_HEADER = "Example-Bridging-Header.h";
				SWIFT_OPTIMIZATION_LEVEL = "-Onone";
				SWIFT_VERSION = 5.0;
				TARGETED_DEVICE_FAMILY = "1,2";
				VERSIONING_SYSTEM = "apple-generic";
			};
			name = Debug;
		};
		13B07F951A680F5B00A75B9A /* Release */ = {
			isa = XCBuildConfiguration;
			baseConfigurationReference = DDA4414C7410FED1D49CEEDF /* Pods-Example.release.xcconfig */;
			buildSettings = {
				ASSETCATALOG_COMPILER_APPICON_NAME = AppIcon;
				CLANG_ALLOW_NON_MODULAR_INCLUDES_IN_FRAMEWORK_MODULES = NO;
				CLANG_ENABLE_MODULES = YES;
				CODE_SIGN_ENTITLEMENTS = Example/Example.entitlements;
				CODE_SIGN_IDENTITY = "Apple Development";
				CODE_SIGN_STYLE = Automatic;
				CURRENT_PROJECT_VERSION = 100;
				DEVELOPMENT_TEAM = 6L6CSBVC87;
				FRAMEWORK_SEARCH_PATHS = (
					"$(inherited)",
					"$(PROJECT_DIR)",
				);
				GCC_PREPROCESSOR_DEFINITIONS = (
					"$(inherited)",
					"COCOAPODS=1",
					"PB_FIELD_32BIT=1",
					"PB_NO_PACKED_STRUCTS=1",
					"PB_ENABLE_MALLOC=1",
				);
				HEADER_SEARCH_PATHS = (
					"$(inherited)",
					"\"${PODS_CONFIGURATION_BUILD_DIR}/Alamofire/Alamofire.framework/Headers\"",
					"\"${PODS_CONFIGURATION_BUILD_DIR}/Analytics/Segment.framework/Headers\"",
					"\"${PODS_CONFIGURATION_BUILD_DIR}/Device/Device.framework/Headers\"",
					"\"${PODS_CONFIGURATION_BUILD_DIR}/DoubleConversion/DoubleConversion.framework/Headers\"",
					"\"${PODS_CONFIGURATION_BUILD_DIR}/FBReactNativeSpec/FBReactNativeSpec.framework/Headers\"",
					"\"${PODS_CONFIGURATION_BUILD_DIR}/KeychainAccess/KeychainAccess.framework/Headers\"",
					"\"${PODS_CONFIGURATION_BUILD_DIR}/RCT-Folly/folly.framework/Headers\"",
					"\"${PODS_CONFIGURATION_BUILD_DIR}/RCTTypeSafety/RCTTypeSafety.framework/Headers\"",
					"\"${PODS_CONFIGURATION_BUILD_DIR}/RNCClipboard/RNCClipboard.framework/Headers\"",
					"\"${PODS_CONFIGURATION_BUILD_DIR}/RNDeviceInfo/RNDeviceInfo.framework/Headers\"",
					"\"${PODS_CONFIGURATION_BUILD_DIR}/RNGestureHandler/RNGestureHandler.framework/Headers\"",
					"\"${PODS_CONFIGURATION_BUILD_DIR}/RNImageCropPicker/RNImageCropPicker.framework/Headers\"",
					"\"${PODS_CONFIGURATION_BUILD_DIR}/RNLocalize/RNLocalize.framework/Headers\"",
					"\"${PODS_CONFIGURATION_BUILD_DIR}/RNReanimated/RNReanimated.framework/Headers\"",
					"\"${PODS_CONFIGURATION_BUILD_DIR}/RNScreens/RNScreens.framework/Headers\"",
					"\"${PODS_CONFIGURATION_BUILD_DIR}/RNSentry/RNSentry.framework/Headers\"",
					"\"${PODS_CONFIGURATION_BUILD_DIR}/RNVectorIcons/RNVectorIcons.framework/Headers\"",
					"\"${PODS_CONFIGURATION_BUILD_DIR}/ReachabilitySwift/Reachability.framework/Headers\"",
					"\"${PODS_CONFIGURATION_BUILD_DIR}/React-Core/React.framework/Headers\"",
					"\"${PODS_CONFIGURATION_BUILD_DIR}/React-CoreModules/CoreModules.framework/Headers\"",
					"\"${PODS_CONFIGURATION_BUILD_DIR}/React-RCTAnimation/RCTAnimation.framework/Headers\"",
					"\"${PODS_CONFIGURATION_BUILD_DIR}/React-RCTBlob/RCTBlob.framework/Headers\"",
					"\"${PODS_CONFIGURATION_BUILD_DIR}/React-RCTImage/RCTImage.framework/Headers\"",
					"\"${PODS_CONFIGURATION_BUILD_DIR}/React-RCTLinking/RCTLinking.framework/Headers\"",
					"\"${PODS_CONFIGURATION_BUILD_DIR}/React-RCTNetwork/RCTNetwork.framework/Headers\"",
					"\"${PODS_CONFIGURATION_BUILD_DIR}/React-RCTSettings/RCTSettings.framework/Headers\"",
					"\"${PODS_CONFIGURATION_BUILD_DIR}/React-RCTText/RCTText.framework/Headers\"",
					"\"${PODS_CONFIGURATION_BUILD_DIR}/React-RCTVibration/RCTVibration.framework/Headers\"",
					"\"${PODS_CONFIGURATION_BUILD_DIR}/React-cxxreact/cxxreact.framework/Headers\"",
					"\"${PODS_CONFIGURATION_BUILD_DIR}/React-jsi/jsi.framework/Headers\"",
					"\"${PODS_CONFIGURATION_BUILD_DIR}/React-jsiexecutor/jsireact.framework/Headers\"",
					"\"${PODS_CONFIGURATION_BUILD_DIR}/React-jsinspector/jsinspector.framework/Headers\"",
					"\"${PODS_CONFIGURATION_BUILD_DIR}/React-logger/logger.framework/Headers\"",
					"\"${PODS_CONFIGURATION_BUILD_DIR}/React-perflogger/reactperflogger.framework/Headers\"",
					"\"${PODS_CONFIGURATION_BUILD_DIR}/ReactCommon/ReactCommon.framework/Headers\"",
					"\"${PODS_CONFIGURATION_BUILD_DIR}/Sentry/Sentry.framework/Headers\"",
					"\"${PODS_CONFIGURATION_BUILD_DIR}/Starscream/Starscream.framework/Headers\"",
					"\"${PODS_CONFIGURATION_BUILD_DIR}/TOCropViewController/TOCropViewController.framework/Headers\"",
					"\"${PODS_CONFIGURATION_BUILD_DIR}/Yoga/yoga.framework/Headers\"",
					"\"${PODS_CONFIGURATION_BUILD_DIR}/fmt/fmt.framework/Headers\"",
					"\"${PODS_CONFIGURATION_BUILD_DIR}/glog/glog.framework/Headers\"",
					"\"${PODS_CONFIGURATION_BUILD_DIR}/react-native-date-picker/react_native_date_picker.framework/Headers\"",
					"\"${PODS_CONFIGURATION_BUILD_DIR}/react-native-orientation-locker/react_native_orientation_locker.framework/Headers\"",
					"\"${PODS_CONFIGURATION_BUILD_DIR}/react-native-safe-area-context/react_native_safe_area_context.framework/Headers\"",
					"\"${PODS_CONFIGURATION_BUILD_DIR}/react-native-video/react_native_video.framework/Headers\"",
					"\"${PODS_CONFIGURATION_BUILD_DIR}/react-native-webview/react_native_webview.framework/Headers\"",
					"\"${PODS_ROOT}/Headers/Public\"",
					"\"${PODS_ROOT}/Headers/Public/FBLazyVector\"",
					"\"${PODS_ROOT}/Headers/Public/RCTRequired\"",
					"\"${PODS_ROOT}/Headers/Public/React-callinvoker\"",
					"\"${PODS_ROOT}/Headers/Public/React-runtimeexecutor\"",
					"\"$(PODS_ROOT)/DoubleConversion\"",
					"\"$(PODS_ROOT)/boost\"",
					"\"$(PODS_ROOT)/boost\"",
					"\"$(PODS_ROOT)/boost-for-react-native\"",
					"\"$(PODS_ROOT)/glog\"",
					"\"$(PODS_ROOT)/RCT-Folly\"",
					"\"${PODS_ROOT}/Headers/Public/React-hermes\"",
					"\"${PODS_ROOT}/Headers/Public/hermes-engine\"",
					"\"$(PODS_ROOT)/Headers/Private/React-Core\"",
				);
				INFOPLIST_FILE = Example/Info.plist;
				IPHONEOS_DEPLOYMENT_TARGET = 12.0;
				LD_RUNPATH_SEARCH_PATHS = (
					"$(inherited)",
					"@executable_path/Frameworks",
				);
				LIBRARY_SEARCH_PATHS = (
					"$(SDKROOT)/usr/lib/swift",
					"$(inherited)",
				);
				MARKETING_VERSION = 1.0.0;
				MTL_FAST_MATH = YES;
				OTHER_LDFLAGS = (
					"$(inherited)",
					"-ObjC",
					"-lc++",
				);
				OTHER_SWIFT_FLAGS = "$(inherited)";
				PRODUCT_BUNDLE_IDENTIFIER = com.reanimatederror.example;
				PRODUCT_NAME = Example;
				PROVISIONING_PROFILE_SPECIFIER = "";
				SWIFT_INCLUDE_PATHS = "$(inherited) \"${PODS_CONFIGURATION_BUILD_DIR}/YogaKit\"";
				SWIFT_OBJC_BRIDGING_HEADER = "Example-Bridging-Header.h";
				SWIFT_VERSION = 5.0;
				TARGETED_DEVICE_FAMILY = "1,2";
				VERSIONING_SYSTEM = "apple-generic";
			};
			name = Release;
		};
		83CBBA201A601CBA00E9B192 /* Debug */ = {
			isa = XCBuildConfiguration;
			buildSettings = {
				ALWAYS_SEARCH_USER_PATHS = NO;
				CLANG_ANALYZER_LOCALIZABILITY_NONLOCALIZED = YES;
				CLANG_CXX_LIBRARY = "libc++";
				CLANG_ENABLE_MODULES = YES;
				CLANG_ENABLE_OBJC_ARC = YES;
				CLANG_WARN_BLOCK_CAPTURE_AUTORELEASING = YES;
				CLANG_WARN_BOOL_CONVERSION = YES;
				CLANG_WARN_COMMA = YES;
				CLANG_WARN_CONSTANT_CONVERSION = YES;
				CLANG_WARN_DEPRECATED_OBJC_IMPLEMENTATIONS = YES;
				CLANG_WARN_DIRECT_OBJC_ISA_USAGE = YES_ERROR;
				CLANG_WARN_EMPTY_BODY = YES;
				CLANG_WARN_ENUM_CONVERSION = YES;
				CLANG_WARN_INFINITE_RECURSION = YES;
				CLANG_WARN_INT_CONVERSION = YES;
				CLANG_WARN_NON_LITERAL_NULL_CONVERSION = YES;
				CLANG_WARN_OBJC_IMPLICIT_RETAIN_SELF = YES;
				CLANG_WARN_OBJC_LITERAL_CONVERSION = YES;
				CLANG_WARN_OBJC_ROOT_CLASS = YES_ERROR;
				CLANG_WARN_QUOTED_INCLUDE_IN_FRAMEWORK_HEADER = YES;
				CLANG_WARN_RANGE_LOOP_ANALYSIS = YES;
				CLANG_WARN_STRICT_PROTOTYPES = YES;
				CLANG_WARN_SUSPICIOUS_MOVE = YES;
				CLANG_WARN_UNREACHABLE_CODE = YES;
				CLANG_WARN__DUPLICATE_METHOD_MATCH = YES;
				"CODE_SIGN_IDENTITY[sdk=iphoneos*]" = "iPhone Developer";
				COPY_PHASE_STRIP = NO;
				ENABLE_BITCODE = YES;
				ENABLE_STRICT_OBJC_MSGSEND = YES;
				ENABLE_TESTABILITY = YES;
				"EXCLUDED_ARCHS[sdk=iphonesimulator*]" = "arm64 ";
				GCC_C_LANGUAGE_STANDARD = gnu99;
				GCC_DYNAMIC_NO_PIC = NO;
				GCC_NO_COMMON_BLOCKS = YES;
				GCC_OPTIMIZATION_LEVEL = 0;
				GCC_PREPROCESSOR_DEFINITIONS = (
					"DEBUG=1",
					"$(inherited)",
				);
				GCC_SYMBOLS_PRIVATE_EXTERN = NO;
				GCC_WARN_64_TO_32_BIT_CONVERSION = YES;
				GCC_WARN_ABOUT_RETURN_TYPE = YES_ERROR;
				GCC_WARN_UNDECLARED_SELECTOR = YES;
				GCC_WARN_UNINITIALIZED_AUTOS = YES_AGGRESSIVE;
				GCC_WARN_UNUSED_FUNCTION = YES;
				GCC_WARN_UNUSED_VARIABLE = YES;
				IPHONEOS_DEPLOYMENT_TARGET = 12.0;
				LD_RUNPATH_SEARCH_PATHS = (
					/usr/lib/swift,
					"$(inherited)",
				);
				LIBRARY_SEARCH_PATHS = (
					"\"$(TOOLCHAIN_DIR)/usr/lib/swift-5.0/$(PLATFORM_NAME)\"",
					"\"$(TOOLCHAIN_DIR)/usr/lib/swift/$(PLATFORM_NAME)\"",
					"\"$(inherited)\"",
				);
				MTL_ENABLE_DEBUG_INFO = YES;
				ONLY_ACTIVE_ARCH = YES;
				OTHER_SWIFT_FLAGS = "-DDEBUG";
				SDKROOT = iphoneos;
				SWIFT_OBJC_BRIDGING_HEADER = "Example-Bridging-Header.h";
				SWIFT_VERSION = 5.0;
			};
			name = Debug;
		};
		83CBBA211A601CBA00E9B192 /* Release */ = {
			isa = XCBuildConfiguration;
			buildSettings = {
				ALWAYS_SEARCH_USER_PATHS = NO;
				CLANG_ANALYZER_LOCALIZABILITY_NONLOCALIZED = YES;
				CLANG_CXX_LIBRARY = "libc++";
				CLANG_ENABLE_MODULES = YES;
				CLANG_ENABLE_OBJC_ARC = YES;
				CLANG_WARN_BLOCK_CAPTURE_AUTORELEASING = YES;
				CLANG_WARN_BOOL_CONVERSION = YES;
				CLANG_WARN_COMMA = YES;
				CLANG_WARN_CONSTANT_CONVERSION = YES;
				CLANG_WARN_DEPRECATED_OBJC_IMPLEMENTATIONS = YES;
				CLANG_WARN_DIRECT_OBJC_ISA_USAGE = YES_ERROR;
				CLANG_WARN_EMPTY_BODY = YES;
				CLANG_WARN_ENUM_CONVERSION = YES;
				CLANG_WARN_INFINITE_RECURSION = YES;
				CLANG_WARN_INT_CONVERSION = YES;
				CLANG_WARN_NON_LITERAL_NULL_CONVERSION = YES;
				CLANG_WARN_OBJC_IMPLICIT_RETAIN_SELF = YES;
				CLANG_WARN_OBJC_LITERAL_CONVERSION = YES;
				CLANG_WARN_OBJC_ROOT_CLASS = YES_ERROR;
				CLANG_WARN_QUOTED_INCLUDE_IN_FRAMEWORK_HEADER = YES;
				CLANG_WARN_RANGE_LOOP_ANALYSIS = YES;
				CLANG_WARN_STRICT_PROTOTYPES = YES;
				CLANG_WARN_SUSPICIOUS_MOVE = YES;
				CLANG_WARN_UNREACHABLE_CODE = YES;
				CLANG_WARN__DUPLICATE_METHOD_MATCH = YES;
				"CODE_SIGN_IDENTITY[sdk=iphoneos*]" = "iPhone Developer";
				COPY_PHASE_STRIP = YES;
				ENABLE_BITCODE = YES;
				ENABLE_NS_ASSERTIONS = NO;
				ENABLE_STRICT_OBJC_MSGSEND = YES;
				"EXCLUDED_ARCHS[sdk=iphonesimulator*]" = "arm64 ";
				GCC_C_LANGUAGE_STANDARD = gnu99;
				GCC_NO_COMMON_BLOCKS = YES;
				GCC_WARN_64_TO_32_BIT_CONVERSION = YES;
				GCC_WARN_ABOUT_RETURN_TYPE = YES_ERROR;
				GCC_WARN_UNDECLARED_SELECTOR = YES;
				GCC_WARN_UNINITIALIZED_AUTOS = YES_AGGRESSIVE;
				GCC_WARN_UNUSED_FUNCTION = YES;
				GCC_WARN_UNUSED_VARIABLE = YES;
				IPHONEOS_DEPLOYMENT_TARGET = 12.0;
				LD_RUNPATH_SEARCH_PATHS = (
					/usr/lib/swift,
					"$(inherited)",
				);
				LIBRARY_SEARCH_PATHS = (
					"\"$(TOOLCHAIN_DIR)/usr/lib/swift-5.0/$(PLATFORM_NAME)\"",
					"\"$(TOOLCHAIN_DIR)/usr/lib/swift/$(PLATFORM_NAME)\"",
					"\"$(inherited)\"",
				);
				MTL_ENABLE_DEBUG_INFO = NO;
				OTHER_SWIFT_FLAGS = "";
				SDKROOT = iphoneos;
				SWIFT_COMPILATION_MODE = wholemodule;
				SWIFT_OBJC_BRIDGING_HEADER = "Example-Bridging-Header.h";
				SWIFT_VERSION = 5.0;
				VALIDATE_PRODUCT = YES;
			};
			name = Release;
		};
/* End XCBuildConfiguration section */

/* Begin XCConfigurationList section */
		13B07F931A680F5B00A75B9A /* Build configuration list for PBXNativeTarget "Example" */ = {
			isa = XCConfigurationList;
			buildConfigurations = (
				13B07F941A680F5B00A75B9A /* Debug */,
				13B07F951A680F5B00A75B9A /* Release */,
			);
			defaultConfigurationIsVisible = 0;
			defaultConfigurationName = Release;
		};
		83CBB9FA1A601CBA00E9B192 /* Build configuration list for PBXProject "Example" */ = {
			isa = XCConfigurationList;
			buildConfigurations = (
				83CBBA201A601CBA00E9B192 /* Debug */,
				83CBBA211A601CBA00E9B192 /* Release */,
			);
			defaultConfigurationIsVisible = 0;
			defaultConfigurationName = Release;
		};
/* End XCConfigurationList section */
	};
	rootObject = 83CBB9F71A601CBA00E9B192 /* Project object */;
}
